
Microsoft Visual Studio Solution File, Format Version 12.00
# Visual Studio 15
VisualStudioVersion = 15.0.28307.168
MinimumVisualStudioVersion = 10.0.40219.1
Project("{9A19103F-16F7-4668-BE54-9A1E7A4F7556}") = "Feng.Product", "Feng.Product\Feng.Product.csproj", "{E0ED102B-4EB9-43EC-A64B-864013743560}"
EndProject
Project("{9A19103F-16F7-4668-BE54-9A1E7A4F7556}") = "Feng.Product.IService", "Feng.Product.IService\Feng.Product.IService.csproj", "{B6433BEC-D1C5-4F40-90BD-AF269BAAECE8}"
EndProject
Project("{9A19103F-16F7-4668-BE54-9A1E7A4F7556}") = "Feng.Product.Service", "Feng.Product.Service\Feng.Product.Service.csproj", "{0CDFEC63-4EF9-4CEB-96F5-BD604ACEF2BB}"
EndProject
Project("{FAE04EC0-301F-11D3-BF4B-00C04F79EFBC}") = "Feng.Product.Model", "Feng.Product.Model\Feng.Product.Model.csproj", "{6232BB4D-425D-4E44-818C-915AC662A374}"
EndProject
Project("{FAE04EC0-301F-11D3-BF4B-00C04F79EFBC}") = "Feng.Product.Entity", "Feng.Product.Entity\Feng.Product.Entity.csproj", "{7A76FE97-6756-4F45-8E3E-16736C6B90B9}"
EndProject
Global
	GlobalSection(SolutionConfigurationPlatforms) = preSolution
		Debug|Any CPU = Debug|Any CPU
		Release|Any CPU = Release|Any CPU
	EndGlobalSection
	GlobalSection(ProjectConfigurationPlatforms) = postSolution
		{E0ED102B-4EB9-43EC-A64B-864013743560}.Debug|Any CPU.ActiveCfg = Debug|Any CPU
		{E0ED102B-4EB9-43EC-A64B-864013743560}.Debug|Any CPU.Build.0 = Debug|Any CPU
		{E0ED102B-4EB9-43EC-A64B-864013743560}.Release|Any CPU.ActiveCfg = Release|Any CPU
		{E0ED102B-4EB9-43EC-A64B-864013743560}.Release|Any CPU.Build.0 = Release|Any CPU
		{B6433BEC-D1C5-4F40-90BD-AF269BAAECE8}.Debug|Any CPU.ActiveCfg = Debug|Any CPU
		{B6433BEC-D1C5-4F40-90BD-AF269BAAECE8}.Debug|Any CPU.Build.0 = Debug|Any CPU
		{B6433BEC-D1C5-4F40-90BD-AF269BAAECE8}.Release|Any CPU.ActiveCfg = Release|Any CPU
		{B6433BEC-D1C5-4F40-90BD-AF269BAAECE8}.Release|Any CPU.Build.0 = Release|Any CPU
		{0CDFEC63-4EF9-4CEB-96F5-BD604ACEF2BB}.Debug|Any CPU.ActiveCfg = Debug|Any CPU
		{0CDFEC63-4EF9-4CEB-96F5-BD604ACEF2BB}.Debug|Any CPU.Build.0 = Debug|Any CPU
		{0CDFEC63-4EF9-4CEB-96F5-BD604ACEF2BB}.Release|Any CPU.ActiveCfg = Release|Any CPU
		{0CDFEC63-4EF9-4CEB-96F5-BD604ACEF2BB}.Release|Any CPU.Build.0 = Release|Any CPU
		{6232BB4D-425D-4E44-818C-915AC662A374}.Debug|Any CPU.ActiveCfg = Debug|Any CPU
		{6232BB4D-425D-4E44-818C-915AC662A374}.Debug|Any CPU.Build.0 = Debug|Any CPU
		{6232BB4D-425D-4E44-818C-915AC662A374}.Release|Any CPU.ActiveCfg = Release|Any CPU
		{6232BB4D-425D-4E44-818C-915AC662A374}.Release|Any CPU.Build.0 = Release|Any CPU
		{7A76FE97-6756-4F45-8E3E-16736C6B90B9}.Debug|Any CPU.ActiveCfg = Debug|Any CPU
		{7A76FE97-6756-4F45-8E3E-16736C6B90B9}.Debug|Any CPU.Build.0 = Debug|Any CPU
		{7A76FE97-6756-4F45-8E3E-16736C6B90B9}.Release|Any CPU.ActiveCfg = Release|Any CPU
		{7A76FE97-6756-4F45-8E3E-16736C6B90B9}.Release|Any CPU.Build.0 = Release|Any CPU
	EndGlobalSection
	GlobalSection(SolutionProperties) = preSolution
		HideSolutionNode = FALSE
	EndGlobalSection
	GlobalSection(ExtensibilityGlobals) = postSolution
		SolutionGuid = {E6B305FA-4A84-4996-89F1-8873ABE4E303}
	EndGlobalSection
EndGlobal
