
Microsoft Visual Studio Solution File, Format Version 12.00
# Visual Studio 15
VisualStudioVersion = 15.0.28307.168
MinimumVisualStudioVersion = 10.0.40219.1
Project("{9A19103F-16F7-4668-BE54-9A1E7A4F7556}") = "Feng.Grpc", "Feng.Grpc\Feng.Grpc.csproj", "{CE36F124-ECE0-4F82-9A12-AC9FD3924CFF}"
EndProject
Project("{9A19103F-16F7-4668-BE54-9A1E7A4F7556}") = "GrpcServerTest", "GrpcServerTest\GrpcServerTest.csproj", "{53DA5E3C-E80A-4F4F-A684-D65F62F8BE69}"
EndProject
Project("{9A19103F-16F7-4668-BE54-9A1E7A4F7556}") = "GrpcClientTest", "GrpcClientTest\GrpcClientTest.csproj", "{E4CCF10B-E06D-495D-A41F-7267E96648AD}"
EndProject
Global
	GlobalSection(SolutionConfigurationPlatforms) = preSolution
		Debug|Any CPU = Debug|Any CPU
		Release|Any CPU = Release|Any CPU
	EndGlobalSection
	GlobalSection(ProjectConfigurationPlatforms) = postSolution
		{CE36F124-ECE0-4F82-9A12-AC9FD3924CFF}.Debug|Any CPU.ActiveCfg = Debug|Any CPU
		{CE36F124-ECE0-4F82-9A12-AC9FD3924CFF}.Debug|Any CPU.Build.0 = Debug|Any CPU
		{CE36F124-ECE0-4F82-9A12-AC9FD3924CFF}.Release|Any CPU.ActiveCfg = Release|Any CPU
		{CE36F124-ECE0-4F82-9A12-AC9FD3924CFF}.Release|Any CPU.Build.0 = Release|Any CPU
		{53DA5E3C-E80A-4F4F-A684-D65F62F8BE69}.Debug|Any CPU.ActiveCfg = Debug|Any CPU
		{53DA5E3C-E80A-4F4F-A684-D65F62F8BE69}.Debug|Any CPU.Build.0 = Debug|Any CPU
		{53DA5E3C-E80A-4F4F-A684-D65F62F8BE69}.Release|Any CPU.ActiveCfg = Release|Any CPU
		{53DA5E3C-E80A-4F4F-A684-D65F62F8BE69}.Release|Any CPU.Build.0 = Release|Any CPU
		{E4CCF10B-E06D-495D-A41F-7267E96648AD}.Debug|Any CPU.ActiveCfg = Debug|Any CPU
		{E4CCF10B-E06D-495D-A41F-7267E96648AD}.Debug|Any CPU.Build.0 = Debug|Any CPU
		{E4CCF10B-E06D-495D-A41F-7267E96648AD}.Release|Any CPU.ActiveCfg = Release|Any CPU
		{E4CCF10B-E06D-495D-A41F-7267E96648AD}.Release|Any CPU.Build.0 = Release|Any CPU
	EndGlobalSection
	GlobalSection(SolutionProperties) = preSolution
		HideSolutionNode = FALSE
	EndGlobalSection
	GlobalSection(ExtensibilityGlobals) = postSolution
		SolutionGuid = {8CDB2B5A-BEEB-4787-8EB8-1D63AE6EE621}
	EndGlobalSection
EndGlobal
