
Microsoft Visual Studio Solution File, Format Version 12.00
# Visual Studio 15
VisualStudioVersion = 15.0.28307.168
MinimumVisualStudioVersion = 10.0.40219.1
Project("{9A19103F-16F7-4668-BE54-9A1E7A4F7556}") = "Feng.Basic", "Feng.Basic\Feng.Basic.csproj", "{FA7FA788-B9FC-451B-ACBF-6D4312C1C755}"
EndProject
Global
	GlobalSection(SolutionConfigurationPlatforms) = preSolution
		Debug|Any CPU = Debug|Any CPU
		Release|Any CPU = Release|Any CPU
	EndGlobalSection
	GlobalSection(ProjectConfigurationPlatforms) = postSolution
		{FA7FA788-B9FC-451B-ACBF-6D4312C1C755}.Debug|Any CPU.ActiveCfg = Debug|Any CPU
		{FA7FA788-B9FC-451B-ACBF-6D4312C1C755}.Debug|Any CPU.Build.0 = Debug|Any CPU
		{FA7FA788-B9FC-451B-ACBF-6D4312C1C755}.Release|Any CPU.ActiveCfg = Release|Any CPU
		{FA7FA788-B9FC-451B-ACBF-6D4312C1C755}.Release|Any CPU.Build.0 = Release|Any CPU
	EndGlobalSection
	GlobalSection(SolutionProperties) = preSolution
		HideSolutionNode = FALSE
	EndGlobalSection
	GlobalSection(ExtensibilityGlobals) = postSolution
		SolutionGuid = {6C30B6C6-DC93-4B71-AFB9-DB12C88E7CBB}
	EndGlobalSection
EndGlobal
